
Microsoft Visual Studio Solution File, Format Version 12.00
# Visual Studio Version 17
VisualStudioVersion = 17.5.002.0
MinimumVisualStudioVersion = 10.0.40219.1
Project("{9A19103F-16F7-4668-BE54-9A1E7A4F7556}") = "backend", "backend\backend.csproj", "{33D98ED7-B0E8-4E35-9B85-6509F7539C0B}"
EndProject
Project("{FAE04EC0-301F-11D3-BF4B-00C04F79EFBC}") = "backend.Tests", "backend.Tests\backend.Tests.csproj", "{0670F4C2-D29B-4262-831B-B59A253A935B}"
EndProject
Global
	GlobalSection(SolutionConfigurationPlatforms) = preSolution
		Debug|Any CPU = Debug|Any CPU
		Release|Any CPU = Release|Any CPU
	EndGlobalSection
	GlobalSection(ProjectConfigurationPlatforms) = postSolution
		{33D98ED7-B0E8-4E35-9B85-6509F7539C0B}.Debug|Any CPU.ActiveCfg = Debug|Any CPU
		{33D98ED7-B0E8-4E35-9B85-6509F7539C0B}.Debug|Any CPU.Build.0 = Debug|Any CPU
		{33D98ED7-B0E8-4E35-9B85-6509F7539C0B}.Release|Any CPU.ActiveCfg = Release|Any CPU
		{33D98ED7-B0E8-4E35-9B85-6509F7539C0B}.Release|Any CPU.Build.0 = Release|Any CPU
		{0670F4C2-D29B-4262-831B-B59A253A935B}.Debug|Any CPU.ActiveCfg = Debug|Any CPU
		{0670F4C2-D29B-4262-831B-B59A253A935B}.Debug|Any CPU.Build.0 = Debug|Any CPU
		{0670F4C2-D29B-4262-831B-B59A253A935B}.Release|Any CPU.ActiveCfg = Release|Any CPU
		{0670F4C2-D29B-4262-831B-B59A253A935B}.Release|Any CPU.Build.0 = Release|Any CPU
	EndGlobalSection
	GlobalSection(SolutionProperties) = preSolution
		HideSolutionNode = FALSE
	EndGlobalSection
	GlobalSection(ExtensibilityGlobals) = postSolution
		SolutionGuid = {6E4A057D-D325-4A1E-8489-072B6DF34CE8}
	EndGlobalSection
EndGlobal
